// !$*UTF8*$!
{
	archiveVersion = 1;
	classes = {
	};
	objectVersion = 77;
	objects = {

/* Begin PBXBuildFile section */
		333399C1F2D1D4E254605F90 /* CoreMedia.framework in Frameworks */ = {isa = PBXBuildFile; fileRef = 2BA37375DF933AF5C53A964D /* CoreMedia.framework */; };
		5C02502A80A20AF1D5F9A1E4 /* libz.tbd in Frameworks */ = {isa = PBXBuildFile; fileRef = 2561A291041B12C3BF5DB623 /* libz.tbd */; };
		747F04AF0D67742DAEDB93C3 /* libiconv.tbd in Frameworks */ = {isa = PBXBuildFile; fileRef = 39AB31E5439AA2FF0A6E378C /* libiconv.tbd */; };
		7C25FC7041E21D639FC2EA87 /* VideoToolbox.framework in Frameworks */ = {isa = PBXBuildFile; fileRef = ABD576D0AAF4966BA27CF77A /* VideoToolbox.framework */; };
		94E67E89A161288155BB6D18 /* libbz2.tbd in Frameworks */ = {isa = PBXBuildFile; fileRef = A0EE17DE5E26880FA3638198 /* libbz2.tbd */; };
		B0E1A1C22F900001005B69FE /* models in Copy upscale models */ = {isa = PBXBuildFile; fileRef = B0E1A1C12F900001005B69FE /* models */; };
		B0E1A1C42F900002005B69FE /* cometscaly in Copy bundled helpers */ = {isa = PBXBuildFile; fileRef = B0E1A1C32F900002005B69FE /* cometscaly */; settings = {ATTRIBUTES = (CodeSignOnCopy, ); }; };
		CA7BBB6C6D783CFA4D89AA62 /* AudioToolbox.framework in Frameworks */ = {isa = PBXBuildFile; fileRef = 8EB5EBFE69631FE103E2A31B /* AudioToolbox.framework */; };
		FF001A3B3C4D5E6F7A8B9C0D /* ffmpeg in Copy bundled helpers */ = {isa = PBXBuildFile; fileRef = FF001A1B3C4D5E6F7A8B9C0D /* ffmpeg */; settings = {ATTRIBUTES = (CodeSignOnCopy, ); }; };
		FF002A3B3C4D5E6F7A8B9C0D /* ffprobe in Copy bundled helpers */ = {isa = PBXBuildFile; fileRef = FF002A1B3C4D5E6F7A8B9C0D /* ffprobe */; settings = {ATTRIBUTES = (CodeSignOnCopy, ); }; };
/* End PBXBuildFile section */

/* Begin PBXCopyFilesBuildPhase section */
		B0E1A1C52F900003005B69FE /* Copy upscale models */ = {
			isa = PBXCopyFilesBuildPhase;
			buildActionMask = 2147483647;
			dstPath = upscale;
			dstSubfolderSpec = 7;
			files = (
				B0E1A1C22F900001005B69FE /* models in Copy upscale models */,
			);
			name = "Copy upscale models";
			runOnlyForDeploymentPostprocessing = 0;
		};
		F9BC311E2F783F1B00C8054C /* Copy bundled helpers */ = {
			isa = PBXCopyFilesBuildPhase;
			buildActionMask = 2147483647;
			dstPath = "";
			dstSubfolderSpec = 6;
			files = (
				FF001A3B3C4D5E6F7A8B9C0D /* ffmpeg in Copy bundled helpers */,
				FF002A3B3C4D5E6F7A8B9C0D /* ffprobe in Copy bundled helpers */,
				B0E1A1C42F900002005B69FE /* cometscaly in Copy bundled helpers */,
			);
			name = "Copy bundled helpers";
			runOnlyForDeploymentPostprocessing = 0;
		};
/* End PBXCopyFilesBuildPhase section */

/* Begin PBXFileReference section */
		2561A291041B12C3BF5DB623 /* libz.tbd */ = {isa = PBXFileReference; includeInIndex = 1; lastKnownFileType = "sourcecode.text-based-dylib-definition"; name = libz.tbd; path = usr/lib/libz.tbd; sourceTree = DEVELOPER_DIR; };
		2BA37375DF933AF5C53A964D /* CoreMedia.framework */ = {isa = PBXFileReference; lastKnownFileType = wrapper.framework; name = CoreMedia.framework; path = System/Library/Frameworks/CoreMedia.framework; sourceTree = DEVELOPER_DIR; };
		309BDE0CA2938F0A4A06AAD5 /* cometeditor-Bridging-Header.h */ = {isa = PBXFileReference; includeInIndex = 1; lastKnownFileType = sourcecode.c.h; path = "cometeditor-Bridging-Header.h"; sourceTree = "<group>"; };
		39AB31E5439AA2FF0A6E378C /* libiconv.tbd */ = {isa = PBXFileReference; includeInIndex = 1; lastKnownFileType = "sourcecode.text-based-dylib-definition"; name = libiconv.tbd; path = usr/lib/libiconv.tbd; sourceTree = DEVELOPER_DIR; };
		8EB5EBFE69631FE103E2A31B /* AudioToolbox.framework */ = {isa = PBXFileReference; lastKnownFileType = wrapper.framework; name = AudioToolbox.framework; path = System/Library/Frameworks/AudioToolbox.framework; sourceTree = DEVELOPER_DIR; };
		A0EE17DE5E26880FA3638198 /* libbz2.tbd */ = {isa = PBXFileReference; includeInIndex = 1; lastKnownFileType = "sourcecode.text-based-dylib-definition"; name = libbz2.tbd; path = usr/lib/libbz2.tbd; sourceTree = DEVELOPER_DIR; };
		ABD576D0AAF4966BA27CF77A /* VideoToolbox.framework */ = {isa = PBXFileReference; lastKnownFileType = wrapper.framework; name = VideoToolbox.framework; path = System/Library/Frameworks/VideoToolbox.framework; sourceTree = DEVELOPER_DIR; };
		B0E1A1C12F900001005B69FE /* models */ = {isa = PBXFileReference; lastKnownFileType = folder; name = models; path = third_party/upscale/models; sourceTree = "<group>"; };
		B0E1A1C32F900002005B69FE /* cometscaly */ = {isa = PBXFileReference; includeInIndex = 1; lastKnownFileType = "compiled.mach-o.executable"; name = cometscaly; path = third_party/upscale/cometscaly; sourceTree = "<group>"; };
		F96E19BF2F58C27F005B69FE /* Comet Editor.app */ = {isa = PBXFileReference; explicitFileType = wrapper.application; includeInIndex = 0; path = "Comet Editor.app"; sourceTree = BUILT_PRODUCTS_DIR; };
		FF001A1B3C4D5E6F7A8B9C0D /* ffmpeg */ = {isa = PBXFileReference; includeInIndex = 1; lastKnownFileType = "compiled.mach-o.executable"; name = ffmpeg; path = third_party/ffmpeg/universal/ffmpeg; sourceTree = "<group>"; };
		FF002A1B3C4D5E6F7A8B9C0D /* ffprobe */ = {isa = PBXFileReference; includeInIndex = 1; lastKnownFileType = "compiled.mach-o.executable"; name = ffprobe; path = third_party/ffmpeg/universal/ffprobe; sourceTree = "<group>"; };
/* End PBXFileReference section */

/* Begin PBXFileSystemSynchronizedRootGroup section */
		F96E19C12F58C27F005B69FE /* cometeditor */ = {
			isa = PBXFileSystemSynchronizedRootGroup;
			path = cometeditor;
			sourceTree = "<group>";
		};
/* End PBXFileSystemSynchronizedRootGroup section */

/* Begin PBXFrameworksBuildPhase section */
		F96E19BC2F58C27F005B69FE /* Frameworks */ = {
			isa = PBXFrameworksBuildPhase;
			buildActionMask = 2147483647;
			files = (
				7C25FC7041E21D639FC2EA87 /* VideoToolbox.framework in Frameworks */,
				CA7BBB6C6D783CFA4D89AA62 /* AudioToolbox.framework in Frameworks */,
				333399C1F2D1D4E254605F90 /* CoreMedia.framework in Frameworks */,
				5C02502A80A20AF1D5F9A1E4 /* libz.tbd in Frameworks */,
				94E67E89A161288155BB6D18 /* libbz2.tbd in Frameworks */,
				747F04AF0D67742DAEDB93C3 /* libiconv.tbd in Frameworks */,
			);
			runOnlyForDeploymentPostprocessing = 0;
		};
/* End PBXFrameworksBuildPhase section */

/* Begin PBXGroup section */
		0F64DA2CB5A5B9AB3A4B9D3B /* Frameworks */ = {
			isa = PBXGroup;
			children = (
				ABD576D0AAF4966BA27CF77A /* VideoToolbox.framework */,
				8EB5EBFE69631FE103E2A31B /* AudioToolbox.framework */,
				2BA37375DF933AF5C53A964D /* CoreMedia.framework */,
				2561A291041B12C3BF5DB623 /* libz.tbd */,
				A0EE17DE5E26880FA3638198 /* libbz2.tbd */,
				39AB31E5439AA2FF0A6E378C /* libiconv.tbd */,
			);
			name = Frameworks;
			sourceTree = "<group>";
		};
		F96E19B62F58C27F005B69FE = {
			isa = PBXGroup;
			children = (
				F96E19C12F58C27F005B69FE /* cometeditor */,
				F96E19C02F58C27F005B69FE /* Products */,
				309BDE0CA2938F0A4A06AAD5 /* cometeditor-Bridging-Header.h */,
				0F64DA2CB5A5B9AB3A4B9D3B /* Frameworks */,
				FF001A1B3C4D5E6F7A8B9C0D /* ffmpeg */,
				FF002A1B3C4D5E6F7A8B9C0D /* ffprobe */,
				B0E1A1C32F900002005B69FE /* cometscaly */,
				B0E1A1C12F900001005B69FE /* models */,
			);
			sourceTree = "<group>";
		};
		F96E19C02F58C27F005B69FE /* Products */ = {
			isa = PBXGroup;
			children = (
				F96E19BF2F58C27F005B69FE /* Comet Editor.app */,
			);
			name = Products;
			sourceTree = "<group>";
		};
/* End PBXGroup section */

/* Begin PBXNativeTarget section */
		F96E19BE2F58C27F005B69FE /* cometeditor */ = {
			isa = PBXNativeTarget;
			buildConfigurationList = F96E19CA2F58C280005B69FE /* Build configuration list for PBXNativeTarget "cometeditor" */;
			buildPhases = (
				F96E19BB2F58C27F005B69FE /* Sources */,
				F96E19BC2F58C27F005B69FE /* Frameworks */,
				F96E19BD2F58C27F005B69FE /* Resources */,
				F9BC311E2F783F1B00C8054C /* Copy bundled helpers */,
				B0E1A1C52F900003005B69FE /* Copy upscale models */,
				F9BC311D2F783F1A00C8054C /* Sign bundled helpers */,
			);
			buildRules = (
			);
			dependencies = (
			);
			fileSystemSynchronizedGroups = (
				F96E19C12F58C27F005B69FE /* cometeditor */,
			);
			name = cometeditor;
			productName = cometeditor;
			productReference = F96E19BF2F58C27F005B69FE /* Comet Editor.app */;
			productType = "com.apple.product-type.application";
		};
/* End PBXNativeTarget section */

/* Begin PBXProject section */
		F96E19B72F58C27F005B69FE /* Project object */ = {
			isa = PBXProject;
			attributes = {
				BuildIndependentTargetsInParallel = 1;
				LastSwiftUpdateCheck = 2620;
				LastUpgradeCheck = 2620;
				TargetAttributes = {
					F96E19BE2F58C27F005B69FE = {
						CreatedOnToolsVersion = 26.2;
					};
				};
			};
			buildConfigurationList = F96E19BA2F58C27F005B69FE /* Build configuration list for PBXProject "cometeditor" */;
			developmentRegion = en;
			hasScannedForEncodings = 0;
			knownRegions = (
				en,
				Base,
				tr,
				az,
				kk,
				ky,
				uz,
				tk,
				ug,
				gag,
				"en-CA",
				"zh-Hans",
				"zh-Hant-TW",
				"zh-Hant-HK",
				"zh-CN",
				es,
				"es-CL",
				"es-AR",
				"es-MX",
				de,
				fr,
				it,
				nl,
				sv,
				no,
				nb,
				da,
				fi,
				is,
				"pt-BR",
				"pt-PT",
				ru,
				uk,
				pl,
				ja,
				ko,
				tt,
				ba,
				sah,
				cv,
				tyv,
				alt,
				cs,
				sk,
				hu,
				ro,
				bg,
				sr,
				hr,
				sl,
				bs,
				mk,
				sq,
				lt,
				lv,
				et,
				el,
				ka,
				hy,
				hi,
				bn,
				ur,
				id,
				vi,
				th,
				ms,
				he,
				ar,
				fa,
				sw,
				fil,
				ca,
				gl,
				eu,
				ga,
				cy,
				be,
				mn,
				ne,
				si,
				ta,
				te,
				ml,
				pa,
				km,
				lo,
				my,
				am,
				af,
			);
			mainGroup = F96E19B62F58C27F005B69FE;
			minimizedProjectReferenceProxies = 1;
			preferredProjectObjectVersion = 77;
			productRefGroup = F96E19C02F58C27F005B69FE /* Products */;
			projectDirPath = "";
			projectRoot = "";
			targets = (
				F96E19BE2F58C27F005B69FE /* cometeditor */,
			);
		};
/* End PBXProject section */

/* Begin PBXResourcesBuildPhase section */
		F96E19BD2F58C27F005B69FE /* Resources */ = {
			isa = PBXResourcesBuildPhase;
			buildActionMask = 2147483647;
			files = (
			);
			runOnlyForDeploymentPostprocessing = 0;
		};
/* End PBXResourcesBuildPhase section */

/* Begin PBXShellScriptBuildPhase section */
		F9BC311D2F783F1A00C8054C /* Sign bundled helpers */ = {
			isa = PBXShellScriptBuildPhase;
			alwaysOutOfDate = 1;
			buildActionMask = 2147483647;
			files = (
			);
			inputFileListPaths = (
			);
			inputPaths = (
				"$(SRCROOT)/cometeditor/ffmpeg.entitlements",
				"$(SRCROOT)/scripts/sign_bundled_helpers.sh",
			);
			name = "Sign bundled helpers";
			outputFileListPaths = (
			);
			outputPaths = (
			);
			runOnlyForDeploymentPostprocessing = 0;
			shellPath = /bin/bash;
			shellScript = "\"${SRCROOT}/scripts/sign_bundled_helpers.sh\"\n";
			showEnvVarsInLog = 0;
		};
/* End PBXShellScriptBuildPhase section */

/* Begin PBXSourcesBuildPhase section */
		F96E19BB2F58C27F005B69FE /* Sources */ = {
			isa = PBXSourcesBuildPhase;
			buildActionMask = 2147483647;
			files = (
			);
			runOnlyForDeploymentPostprocessing = 0;
		};
/* End PBXSourcesBuildPhase section */

/* Begin XCBuildConfiguration section */
		F96E19C82F58C280005B69FE /* Debug */ = {
			isa = XCBuildConfiguration;
			buildSettings = {
				ALWAYS_SEARCH_USER_PATHS = NO;
				ASSETCATALOG_COMPILER_GENERATE_SWIFT_ASSET_SYMBOL_EXTENSIONS = YES;
				CLANG_ANALYZER_NONNULL = YES;
				CLANG_ANALYZER_NUMBER_OBJECT_CONVERSION = YES_AGGRESSIVE;
				CLANG_CXX_LANGUAGE_STANDARD = "gnu++20";
				CLANG_ENABLE_MODULES = YES;
				CLANG_ENABLE_OBJC_ARC = YES;
				CLANG_ENABLE_OBJC_WEAK = YES;
				CLANG_WARN_BLOCK_CAPTURE_AUTORELEASING = YES;
				CLANG_WARN_BOOL_CONVERSION = YES;
				CLANG_WARN_COMMA = YES;
				CLANG_WARN_CONSTANT_CONVERSION = YES;
				CLANG_WARN_DEPRECATED_OBJC_IMPLEMENTATIONS = YES;
				CLANG_WARN_DIRECT_OBJC_ISA_USAGE = YES_ERROR;
				CLANG_WARN_DOCUMENTATION_COMMENTS = YES;
				CLANG_WARN_EMPTY_BODY = YES;
				CLANG_WARN_ENUM_CONVERSION = YES;
				CLANG_WARN_INFINITE_RECURSION = YES;
				CLANG_WARN_INT_CONVERSION = YES;
				CLANG_WARN_NON_LITERAL_NULL_CONVERSION = YES;
				CLANG_WARN_OBJC_IMPLICIT_RETAIN_SELF = YES;
				CLANG_WARN_OBJC_LITERAL_CONVERSION = YES;
				CLANG_WARN_OBJC_ROOT_CLASS = YES_ERROR;
				CLANG_WARN_QUOTED_INCLUDE_IN_FRAMEWORK_HEADER = YES;
				CLANG_WARN_RANGE_LOOP_ANALYSIS = YES;
				CLANG_WARN_STRICT_PROTOTYPES = YES;
				CLANG_WARN_SUSPICIOUS_MOVE = YES;
				CLANG_WARN_UNGUARDED_AVAILABILITY = YES_AGGRESSIVE;
				CLANG_WARN_UNREACHABLE_CODE = YES;
				CLANG_WARN__DUPLICATE_METHOD_MATCH = YES;
				COPY_PHASE_STRIP = NO;
				CURRENT_PROJECT_VERSION = 11;
				DEBUG_INFORMATION_FORMAT = dwarf;
				DEVELOPMENT_TEAM = BYDB65GJ4M;
				ENABLE_STRICT_OBJC_MSGSEND = YES;
				ENABLE_TESTABILITY = YES;
				ENABLE_USER_SCRIPT_SANDBOXING = NO;
				GCC_C_LANGUAGE_STANDARD = gnu17;
				GCC_DYNAMIC_NO_PIC = NO;
				GCC_NO_COMMON_BLOCKS = YES;
				GCC_OPTIMIZATION_LEVEL = 0;
				GCC_PREPROCESSOR_DEFINITIONS = (
					"DEBUG=1",
					"$(inherited)",
				);
				GCC_WARN_64_TO_32_BIT_CONVERSION = YES;
				GCC_WARN_ABOUT_RETURN_TYPE = YES_ERROR;
				GCC_WARN_UNDECLARED_SELECTOR = YES;
				GCC_WARN_UNINITIALIZED_AUTOS = YES_AGGRESSIVE;
				GCC_WARN_UNUSED_FUNCTION = YES;
				GCC_WARN_UNUSED_VARIABLE = YES;
				LOCALIZATION_PREFERS_STRING_CATALOGS = YES;
				MACOSX_DEPLOYMENT_TARGET = 13.0;
				MARKETING_VERSION = 2.0;
				MTL_ENABLE_DEBUG_INFO = INCLUDE_SOURCE;
				MTL_FAST_MATH = YES;
				ONLY_ACTIVE_ARCH = YES;
				SDKROOT = macosx;
				SWIFT_ACTIVE_COMPILATION_CONDITIONS = "DEBUG $(inherited)";
				SWIFT_OPTIMIZATION_LEVEL = "-Onone";
				VERSIONING_SYSTEM = "apple-generic";
			};
			name = Debug;
		};
		F96E19C92F58C280005B69FE /* Release */ = {
			isa = XCBuildConfiguration;
			buildSettings = {
				ALWAYS_SEARCH_USER_PATHS = NO;
				ASSETCATALOG_COMPILER_GENERATE_SWIFT_ASSET_SYMBOL_EXTENSIONS = YES;
				CLANG_ANALYZER_NONNULL = YES;
				CLANG_ANALYZER_NUMBER_OBJECT_CONVERSION = YES_AGGRESSIVE;
				CLANG_CXX_LANGUAGE_STANDARD = "gnu++20";
				CLANG_ENABLE_MODULES = YES;
				CLANG_ENABLE_OBJC_ARC = YES;
				CLANG_ENABLE_OBJC_WEAK = YES;
				CLANG_WARN_BLOCK_CAPTURE_AUTORELEASING = YES;
				CLANG_WARN_BOOL_CONVERSION = YES;
				CLANG_WARN_COMMA = YES;
				CLANG_WARN_CONSTANT_CONVERSION = YES;
				CLANG_WARN_DEPRECATED_OBJC_IMPLEMENTATIONS = YES;
				CLANG_WARN_DIRECT_OBJC_ISA_USAGE = YES_ERROR;
				CLANG_WARN_DOCUMENTATION_COMMENTS = YES;
				CLANG_WARN_EMPTY_BODY = YES;
				CLANG_WARN_ENUM_CONVERSION = YES;
				CLANG_WARN_INFINITE_RECURSION = YES;
				CLANG_WARN_INT_CONVERSION = YES;
				CLANG_WARN_NON_LITERAL_NULL_CONVERSION = YES;
				CLANG_WARN_OBJC_IMPLICIT_RETAIN_SELF = YES;
				CLANG_WARN_OBJC_LITERAL_CONVERSION = YES;
				CLANG_WARN_OBJC_ROOT_CLASS = YES_ERROR;
				CLANG_WARN_QUOTED_INCLUDE_IN_FRAMEWORK_HEADER = YES;
				CLANG_WARN_RANGE_LOOP_ANALYSIS = YES;
				CLANG_WARN_STRICT_PROTOTYPES = YES;
				CLANG_WARN_SUSPICIOUS_MOVE = YES;
				CLANG_WARN_UNGUARDED_AVAILABILITY = YES_AGGRESSIVE;
				CLANG_WARN_UNREACHABLE_CODE = YES;
				CLANG_WARN__DUPLICATE_METHOD_MATCH = YES;
				COPY_PHASE_STRIP = NO;
				CURRENT_PROJECT_VERSION = 11;
				DEBUG_INFORMATION_FORMAT = "dwarf-with-dsym";
				DEVELOPMENT_TEAM = BYDB65GJ4M;
				ENABLE_NS_ASSERTIONS = NO;
				ENABLE_STRICT_OBJC_MSGSEND = YES;
				ENABLE_USER_SCRIPT_SANDBOXING = NO;
				GCC_C_LANGUAGE_STANDARD = gnu17;
				GCC_NO_COMMON_BLOCKS = YES;
				GCC_WARN_64_TO_32_BIT_CONVERSION = YES;
				GCC_WARN_ABOUT_RETURN_TYPE = YES_ERROR;
				GCC_WARN_UNDECLARED_SELECTOR = YES;
				GCC_WARN_UNINITIALIZED_AUTOS = YES_AGGRESSIVE;
				GCC_WARN_UNUSED_FUNCTION = YES;
				GCC_WARN_UNUSED_VARIABLE = YES;
				LOCALIZATION_PREFERS_STRING_CATALOGS = YES;
				MACOSX_DEPLOYMENT_TARGET = 13.0;
				MARKETING_VERSION = 2.0;
				MTL_ENABLE_DEBUG_INFO = NO;
				MTL_FAST_MATH = YES;
				SDKROOT = macosx;
				SWIFT_COMPILATION_MODE = wholemodule;
				VERSIONING_SYSTEM = "apple-generic";
			};
			name = Release;
		};
		F96E19CB2F58C280005B69FE /* Debug */ = {
			isa = XCBuildConfiguration;
			buildSettings = {
				ALWAYS_SEARCH_USER_PATHS = NO;
				ARCHS = "$(ARCHS_STANDARD)";
				ASSETCATALOG_COMPILER_APPICON_NAME = AppIcon;
				ASSETCATALOG_COMPILER_GLOBAL_ACCENT_COLOR_NAME = AccentColor;
				CLANG_WARN_DOCUMENTATION_COMMENTS = YES;
				CODE_SIGN_ENTITLEMENTS = cometeditor/cometeditor.entitlements;
				CODE_SIGN_IDENTITY = "Apple Development";
				"CODE_SIGN_IDENTITY[sdk=macosx*]" = "Apple Development";
				CODE_SIGN_STYLE = Automatic;
				COMBINE_HIDPI_IMAGES = YES;
				CURRENT_PROJECT_VERSION = 11;
				DEVELOPMENT_TEAM = BYDB65GJ4M;
				ENABLE_APP_SANDBOX = YES;
				ENABLE_DEBUG_DYLIB = NO;
				ENABLE_HARDENED_RUNTIME = YES;
				ENABLE_PREVIEWS = YES;
				GCC_WARN_INHIBIT_ALL_WARNINGS = NO;
				GENERATE_INFOPLIST_FILE = NO;
				HEADER_SEARCH_PATHS = (
					"$(inherited)",
					"$(PROJECT_DIR)/third_party/imagemagick/universal/include/ImageMagick-7",
					"$(SRCROOT)/third_party/imagemagick/universal/include/ImageMagick-7",
					/opt/homebrew/include,
				);
				INFOPLIST_FILE = Info.plist;
				INFOPLIST_KEY_CFBundleDisplayName = "Comet Editor";
				INFOPLIST_KEY_CFBundleName = "Comet Editor";
				INFOPLIST_KEY_CFBundleShortVersionString = 2.0;
				INFOPLIST_KEY_CFBundleVersion = 11;
				INFOPLIST_KEY_LSApplicationCategoryType = "public.app-category.graphics-design";
				INFOPLIST_KEY_NSHumanReadableCopyright = "";
				LD_RUNPATH_SEARCH_PATHS = (
					"$(inherited)",
					"@executable_path/../Frameworks",
				);
				LIBRARY_SEARCH_PATHS = (
					"$(inherited)",
					"$(PROJECT_DIR)/third_party/imagemagick/universal/lib",
					"$(SRCROOT)/third_party/imagemagick/universal/lib",
					/opt/homebrew/lib,
				);
				MACOSX_DEPLOYMENT_TARGET = 13.0;
				MARKETING_VERSION = 2.0;
				OTHER_LDFLAGS = (
					"$(inherited)",
					"-Wl,-w",
					"-lMagickWand-7.Q16HDRI",
					"-lMagickCore-7.Q16HDRI",
					"-ljpeg",
					"-lpng16",
					"-ltiff",
					"-lgif",
					"-lwebp",
					"-lwebpmux",
					"-lwebpdemux",
					"-lsharpyuv",
					"-llcms2",
					"-lheif",
					"-lde265",
					"-lx265",
					"-lopenjp2",
					"-laom",
					"-lvmaf",
					"-lzstd",
					"-llzma",
					"-lc++",
				);
				PRODUCT_BUNDLE_IDENTIFIER = com.cometeditor.app;
				PRODUCT_NAME = "Comet Editor";
				REGISTER_APP_GROUPS = YES;
				STRING_CATALOG_GENERATE_SYMBOLS = YES;
				SWIFT_APPROACHABLE_CONCURRENCY = YES;
				SWIFT_DEFAULT_ACTOR_ISOLATION = MainActor;
				SWIFT_EMIT_LOC_STRINGS = YES;
				SWIFT_OBJC_BRIDGING_HEADER = "cometeditor/cometeditor-Bridging-Header.h";
				SWIFT_UPCOMING_FEATURE_MEMBER_IMPORT_VISIBILITY = YES;
				SWIFT_VERSION = 5.0;
				VERSIONING_SYSTEM = "apple-generic";
			};
			name = Debug;
		};
		F96E19CC2F58C280005B69FE /* Release */ = {
			isa = XCBuildConfiguration;
			buildSettings = {
				ALWAYS_SEARCH_USER_PATHS = NO;
				ARCHS = "$(ARCHS_STANDARD)";
				ASSETCATALOG_COMPILER_APPICON_NAME = AppIcon;
				ASSETCATALOG_COMPILER_GLOBAL_ACCENT_COLOR_NAME = AccentColor;
				CLANG_WARN_DOCUMENTATION_COMMENTS = YES;
				CODE_SIGN_ENTITLEMENTS = cometeditor/cometeditor.entitlements;
				CODE_SIGN_IDENTITY = "Apple Development";
				"CODE_SIGN_IDENTITY[sdk=macosx*]" = "Apple Development";
				CODE_SIGN_STYLE = Automatic;
				COMBINE_HIDPI_IMAGES = YES;
				CURRENT_PROJECT_VERSION = 11;
				DEVELOPMENT_TEAM = BYDB65GJ4M;
				ENABLE_APP_SANDBOX = YES;
				ENABLE_HARDENED_RUNTIME = YES;
				ENABLE_PREVIEWS = YES;
				GCC_WARN_INHIBIT_ALL_WARNINGS = NO;
				GENERATE_INFOPLIST_FILE = NO;
				HEADER_SEARCH_PATHS = (
					"$(inherited)",
					"$(PROJECT_DIR)/third_party/imagemagick/universal/include/ImageMagick-7",
					"$(SRCROOT)/third_party/imagemagick/universal/include/ImageMagick-7",
					/opt/homebrew/include,
				);
				INFOPLIST_FILE = Info.plist;
				INFOPLIST_KEY_CFBundleDisplayName = "Comet Editor";
				INFOPLIST_KEY_CFBundleName = "Comet Editor";
				INFOPLIST_KEY_CFBundleShortVersionString = 2.0;
				INFOPLIST_KEY_CFBundleVersion = 11;
				INFOPLIST_KEY_LSApplicationCategoryType = "public.app-category.graphics-design";
				INFOPLIST_KEY_NSHumanReadableCopyright = "";
				LD_RUNPATH_SEARCH_PATHS = (
					"$(inherited)",
					"@executable_path/../Frameworks",
				);
				LIBRARY_SEARCH_PATHS = (
					"$(inherited)",
					"$(PROJECT_DIR)/third_party/imagemagick/universal/lib",
					"$(SRCROOT)/third_party/imagemagick/universal/lib",
					/opt/homebrew/lib,
				);
				MACOSX_DEPLOYMENT_TARGET = 13.0;
				MARKETING_VERSION = 2.0;
				OTHER_LDFLAGS = (
					"$(inherited)",
					"-Wl,-w",
					"-lMagickWand-7.Q16HDRI",
					"-lMagickCore-7.Q16HDRI",
					"-ljpeg",
					"-lpng16",
					"-ltiff",
					"-lgif",
					"-lwebp",
					"-lwebpmux",
					"-lwebpdemux",
					"-lsharpyuv",
					"-llcms2",
					"-lheif",
					"-lde265",
					"-lx265",
					"-lopenjp2",
					"-laom",
					"-lvmaf",
					"-lzstd",
					"-llzma",
					"-lc++",
				);
				PRODUCT_BUNDLE_IDENTIFIER = com.cometeditor.app;
				PRODUCT_NAME = "Comet Editor";
				REGISTER_APP_GROUPS = YES;
				STRING_CATALOG_GENERATE_SYMBOLS = YES;
				SWIFT_APPROACHABLE_CONCURRENCY = YES;
				SWIFT_DEFAULT_ACTOR_ISOLATION = MainActor;
				SWIFT_EMIT_LOC_STRINGS = YES;
				SWIFT_OBJC_BRIDGING_HEADER = "cometeditor/cometeditor-Bridging-Header.h";
				SWIFT_UPCOMING_FEATURE_MEMBER_IMPORT_VISIBILITY = YES;
				SWIFT_VERSION = 5.0;
				VERSIONING_SYSTEM = "apple-generic";
			};
			name = Release;
		};
/* End XCBuildConfiguration section */

/* Begin XCConfigurationList section */
		F96E19BA2F58C27F005B69FE /* Build configuration list for PBXProject "cometeditor" */ = {
			isa = XCConfigurationList;
			buildConfigurations = (
				F96E19C82F58C280005B69FE /* Debug */,
				F96E19C92F58C280005B69FE /* Release */,
			);
			defaultConfigurationIsVisible = 0;
			defaultConfigurationName = Release;
		};
		F96E19CA2F58C280005B69FE /* Build configuration list for PBXNativeTarget "cometeditor" */ = {
			isa = XCConfigurationList;
			buildConfigurations = (
				F96E19CB2F58C280005B69FE /* Debug */,
				F96E19CC2F58C280005B69FE /* Release */,
			);
			defaultConfigurationIsVisible = 0;
			defaultConfigurationName = Release;
		};
/* End XCConfigurationList section */
	};
	rootObject = F96E19B72F58C27F005B69FE /* Project object */;
}
