<?xml version="1.0" encoding="UTF-8"?>
<Scheme
   LastUpgradeVersion = "2620"
   version = "1.7">
   <BuildAction
      parallelizeBuildables = "YES"
      buildImplicitDependencies = "YES">
      <BuildActionEntries>
         <BuildActionEntry
            buildForTesting = "YES"
            buildForRunning = "YES"
            buildForProfiling = "YES"
            buildForArchiving = "YES"
            buildForAnalyzing = "YES">
            <BuildableReference
               BuildableIdentifier = "primary"
               BlueprintIdentifier = "F96E19BE2F58C27F005B69FE"
               BuildableName = "Comet Editor.app"
               BlueprintName = "cometeditor"
               ReferencedContainer = "container:cometeditor.xcodeproj">
            </BuildableReference>
         </BuildActionEntry>
      </BuildActionEntries>
   </BuildAction>
   <TestAction
      buildConfiguration = "Debug"
      selectedDebuggerIdentifier = "Xcode.DebuggerFoundation.Debugger.LLDB"
      selectedLauncherIdentifier = "Xcode.DebuggerFoundation.Launcher.LLDB"
      shouldUseLaunchSchemeArgsEnv = "YES">
      <Testables>
      </Testables>
   </TestAction>
   <LaunchAction
      buildConfiguration = "Debug"
      selectedDebuggerIdentifier = "Xcode.DebuggerFoundation.Debugger.LLDB"
      selectedLauncherIdentifier = "Xcode.DebuggerFoundation.Launcher.LLDB"
      launchStyle = "0"
      useCustomWorkingDirectory = "NO"
      ignoresPersistentStateOnLaunch = "NO"
      debugDocumentVersioning = "YES"
      debugServiceExtension = "internal"
      allowLocationSimulation = "YES">
      <BuildableProductRunnable
         runnableDebuggingMode = "0">
         <BuildableReference
            BuildableIdentifier = "primary"
            BlueprintIdentifier = "F96E19BE2F58C27F005B69FE"
            BuildableName = "Comet Editor.app"
            BlueprintName = "cometeditor"
            ReferencedContainer = "container:cometeditor.xcodeproj">
         </BuildableReference>
      </BuildableProductRunnable>
   </LaunchAction>
   <ProfileAction
      buildConfiguration = "Release"
      shouldUseLaunchSchemeArgsEnv = "YES"
      savedToolIdentifier = ""
      useCustomWorkingDirectory = "NO"
      debugDocumentVersioning = "YES">
      <BuildableProductRunnable
         runnableDebuggingMode = "0">
         <BuildableReference
            BuildableIdentifier = "primary"
            BlueprintIdentifier = "F96E19BE2F58C27F005B69FE"
            BuildableName = "Comet Editor.app"
            BlueprintName = "cometeditor"
            ReferencedContainer = "container:cometeditor.xcodeproj">
         </BuildableReference>
      </BuildableProductRunnable>
   </ProfileAction>
   <AnalyzeAction
      buildConfiguration = "Debug">
   </AnalyzeAction>
   <ArchiveAction
      buildConfiguration = "Release"
      revealArchiveInOrganizer = "YES">
      <PostActions>
         <ExecutionAction
            ActionType = "Xcode.IDEStandardExecutionActionsCore.ExecutionActionType.ShellScriptAction">
            <ActionContent
               title = "Sign bundled helpers in archive"
               scriptText = "set -euo pipefail&#10;SRC=&quot;${SRCROOT:-${PROJECT_DIR}}&quot;&#10;if [ -z &quot;${SRC}&quot; ]; then&#10;  echo &quot;error: SRCROOT/PROJECT_DIR not set in archive post-action&quot; &gt;&amp;2&#10;  exit 1&#10;fi&#10;if [ -z &quot;${ARCHIVE_PATH:-}&quot; ]; then&#10;  echo &quot;error: ARCHIVE_PATH not set in archive post-action&quot; &gt;&amp;2&#10;  exit 1&#10;fi&#10;export SRCROOT=&quot;${SRC}&quot;&#10;export ARCHIVE_PATH&#10;/bin/bash &quot;${SRC}/scripts/sign_bundled_helpers.sh&quot;&#10;">
               <EnvironmentBuildable>
                  <BuildableReference
                     BuildableIdentifier = "primary"
                     BlueprintIdentifier = "F96E19BE2F58C27F005B69FE"
                     BuildableName = "Comet Editor.app"
                     BlueprintName = "cometeditor"
                     ReferencedContainer = "container:cometeditor.xcodeproj">
                  </BuildableReference>
               </EnvironmentBuildable>
            </ActionContent>
         </ExecutionAction>
      </PostActions>
   </ArchiveAction>
</Scheme>
